# THIS IS AN AUTOGENERATED FILE. DO NOT EDIT THIS FILE DIRECTLY.
# yarn lockfile v1


abab@^2.0.3:
  version "2.0.5"
  resolved "https://registry.npm.taobao.org/abab/download/abab-2.0.5.tgz#c0b678fb32d60fc1219c784d6a826fe385aeb79a"
  integrity sha1-wLZ4+zLWD8EhnHhNaoJv44Wut5o=

threejs-miniprogram@0.0.5:
  version "0.0.5"
  resolved "https://registry.npm.taobao.org/threejs-miniprogram/download/threejs-miniprogram-0.0.5.tgz#d7ea2820bf5a60be8aa67c839a95fcf31684dd4b"
  integrity sha1-1+ooIL9aYL6KpnyDmpX88xaE3Us=
  dependencies:
    abab "^2.0.3"
